<?xml version="1.0" encoding="utf-8"?>
<Project ToolsVersion="4.0" xmlns="http://schemas.microsoft.com/developer/msbuild/2003">
  <ItemGroup>
    <Filter Include="Header Files">
      <UniqueIdentifier>{9d90d155-7317-4c57-98d6-e5d9fafe26f2}</UniqueIdentifier>
      <Extensions>h;hpp;hxx;hm;inl;inc;xsd</Extensions>
    </Filter>
    <Filter Include="Resource Files">
      <UniqueIdentifier>{6469e251-5b69-4b41-82e3-e4bd303d06c7}</UniqueIdentifier>
      <Extensions>rc;ico;cur;bmp;dlg;rc2;rct;bin;rgs;gif;jpg;jpeg;jpe;resx</Extensions>
    </Filter>
    <Filter Include="Source Files">
      <UniqueIdentifier>{b91e2d1f-57f3-4f4c-8361-4e5d68a655e1}</UniqueIdentifier>
      <Extensions>cpp;c;cc;cxx;def;odl;idl;hpj;bat;asm;asmx</Extensions>
    </Filter>
  </ItemGroup>
  <ItemGroup>
    <ClInclude Include="..\..\..\BoxLib\Arena.H">
      <Filter>Header Files</Filter>
    </ClInclude>
    <ClInclude Include="..\..\..\BoxLib\Array.H">
      <Filter>Header Files</Filter>
    </ClInclude>
    <ClInclude Include="..\..\..\BoxLib\ArrayLim.H">
      <Filter>Header Files</Filter>
    </ClInclude>
    <ClInclude Include="..\..\..\BoxLib\BArena.H">
      <Filter>Header Files</Filter>
    </ClInclude>
    <ClInclude Include="..\..\..\BoxLib\BaseFab.H">
      <Filter>Header Files</Filter>
    </ClInclude>
    <ClInclude Include="..\..\..\BoxLib\BLassert.H">
      <Filter>Header Files</Filter>
    </ClInclude>
    <ClInclude Include="..\..\..\BoxLib\BLFort.H">
      <Filter>Header Files</Filter>
    </ClInclude>
    <ClInclude Include="..\..\..\BoxLib\BLVERSION.H">
      <Filter>Header Files</Filter>
    </ClInclude>
    <ClInclude Include="..\..\..\BoxLib\Box.H">
      <Filter>Header Files</Filter>
    </ClInclude>
    <ClInclude Include="..\..\..\BoxLib\BoxArray.H">
      <Filter>Header Files</Filter>
    </ClInclude>
    <ClInclude Include="..\..\..\BoxLib\BoxDomain.H">
      <Filter>Header Files</Filter>
    </ClInclude>
    <ClInclude Include="..\..\..\BoxLib\BoxLib.H">
      <Filter>Header Files</Filter>
    </ClInclude>
    <ClInclude Include="..\..\..\BoxLib\BoxList.H">
      <Filter>Header Files</Filter>
    </ClInclude>
    <ClInclude Include="..\..\..\BoxLib\CArena.H">
      <Filter>Header Files</Filter>
    </ClInclude>
    <ClInclude Include="..\..\..\BoxLib\ccse-mpi.H">
      <Filter>Header Files</Filter>
    </ClInclude>
    <ClInclude Include="..\..\..\BoxLib\CONSTANTS.H">
      <Filter>Header Files</Filter>
    </ClInclude>
    <ClInclude Include="..\..\..\BoxLib\DistributionMapping.H">
      <Filter>Header Files</Filter>
    </ClInclude>
    <ClInclude Include="..\..\..\BoxLib\FabArray.H">
      <Filter>Header Files</Filter>
    </ClInclude>
    <ClInclude Include="..\..\..\BoxLib\FabConv.H">
      <Filter>Header Files</Filter>
    </ClInclude>
    <ClInclude Include="..\..\..\BoxLib\FArrayBox.H">
      <Filter>Header Files</Filter>
    </ClInclude>
    <ClInclude Include="..\..\..\BoxLib\FPC.H">
      <Filter>Header Files</Filter>
    </ClInclude>
    <ClInclude Include="..\..\..\BoxLib\IndexType.H">
      <Filter>Header Files</Filter>
    </ClInclude>
    <ClInclude Include="..\..\..\BoxLib\IntVect.H">
      <Filter>Header Files</Filter>
    </ClInclude>
    <ClInclude Include="..\..\..\BoxLib\Looping.H">
      <Filter>Header Files</Filter>
    </ClInclude>
    <ClInclude Include="..\..\..\BoxLib\MultiFab.H">
      <Filter>Header Files</Filter>
    </ClInclude>
    <ClInclude Include="..\..\..\BoxLib\Orientation.H">
      <Filter>Header Files</Filter>
    </ClInclude>
    <ClInclude Include="..\..\..\BoxLib\ParallelDescriptor.H">
      <Filter>Header Files</Filter>
    </ClInclude>
    <ClInclude Include="..\..\..\BoxLib\ParmParse.H">
      <Filter>Header Files</Filter>
    </ClInclude>
    <ClInclude Include="..\..\..\BoxLib\PArray.H">
      <Filter>Header Files</Filter>
    </ClInclude>
    <ClInclude Include="..\..\..\BoxLib\Pointers.H">
      <Filter>Header Files</Filter>
    </ClInclude>
    <ClInclude Include="..\..\..\BoxLib\Profiler.H">
      <Filter>Header Files</Filter>
    </ClInclude>
    <ClInclude Include="..\..\..\BoxLib\REAL.H">
      <Filter>Header Files</Filter>
    </ClInclude>
    <ClInclude Include="..\..\..\BoxLib\SPACE.H">
      <Filter>Header Files</Filter>
    </ClInclude>
    <ClInclude Include="..\..\..\BoxLib\SPACE_F.H">
      <Filter>Header Files</Filter>
    </ClInclude>
    <ClInclude Include="..\..\..\BoxLib\SPECIALIZE_F.H">
      <Filter>Header Files</Filter>
    </ClInclude>
    <ClInclude Include="..\..\..\BoxLib\Thread.H">
      <Filter>Header Files</Filter>
    </ClInclude>
    <ClInclude Include="..\..\..\BoxLib\Tuple.H">
      <Filter>Header Files</Filter>
    </ClInclude>
    <ClInclude Include="..\..\..\BoxLib\UseCount.H">
      <Filter>Header Files</Filter>
    </ClInclude>
    <ClInclude Include="..\..\..\BoxLib\Utility.H">
      <Filter>Header Files</Filter>
    </ClInclude>
    <ClInclude Include="..\..\..\BoxLib\VisMF.H">
      <Filter>Header Files</Filter>
    </ClInclude>
    <ClInclude Include="..\..\..\BoxLib\winstd.H">
      <Filter>Header Files</Filter>
    </ClInclude>
    <ClInclude Include="..\..\..\BoxLib\WorkQueue.H">
      <Filter>Header Files</Filter>
    </ClInclude>
  </ItemGroup>
  <ItemGroup>
    <ClCompile Include="..\..\..\BoxLib\Arena.cpp">
      <Filter>Source Files</Filter>
    </ClCompile>
    <ClCompile Include="..\..\..\BoxLib\BArena.cpp">
      <Filter>Source Files</Filter>
    </ClCompile>
    <ClCompile Include="..\..\..\BoxLib\BaseFab.cpp">
      <Filter>Source Files</Filter>
    </ClCompile>
    <ClCompile Include="..\..\..\BoxLib\BLProfiler.cpp">
      <Filter>Source Files</Filter>
    </ClCompile>
    <ClCompile Include="..\..\..\BoxLib\BLThread.cpp">
      <Filter>Source Files</Filter>
    </ClCompile>
    <ClCompile Include="..\..\..\BoxLib\BLWorkQueue.cpp">
      <Filter>Source Files</Filter>
    </ClCompile>
    <ClCompile Include="..\..\..\BoxLib\Box.cpp">
      <Filter>Source Files</Filter>
    </ClCompile>
    <ClCompile Include="..\..\..\BoxLib\BoxArray.cpp">
      <Filter>Source Files</Filter>
    </ClCompile>
    <ClCompile Include="..\..\..\BoxLib\BoxDomain.cpp">
      <Filter>Source Files</Filter>
    </ClCompile>
    <ClCompile Include="..\..\..\BoxLib\BoxLib.cpp">
      <Filter>Source Files</Filter>
    </ClCompile>
    <ClCompile Include="..\..\..\BoxLib\BoxList.cpp">
      <Filter>Source Files</Filter>
    </ClCompile>
    <ClCompile Include="..\..\..\BoxLib\CArena.cpp">
      <Filter>Source Files</Filter>
    </ClCompile>
    <ClCompile Include="..\..\..\BoxLib\DistributionMapping.cpp">
      <Filter>Source Files</Filter>
    </ClCompile>
    <ClCompile Include="..\..\..\BoxLib\FabArray.cpp">
      <Filter>Source Files</Filter>
    </ClCompile>
    <ClCompile Include="..\..\..\BoxLib\FabConv.cpp">
      <Filter>Source Files</Filter>
    </ClCompile>
    <ClCompile Include="..\..\..\BoxLib\FArrayBox.cpp">
      <Filter>Source Files</Filter>
    </ClCompile>
    <ClCompile Include="..\..\..\BoxLib\FPC.cpp">
      <Filter>Source Files</Filter>
    </ClCompile>
    <ClCompile Include="..\..\..\BoxLib\IndexType.cpp">
      <Filter>Source Files</Filter>
    </ClCompile>
    <ClCompile Include="..\..\..\BoxLib\IntVect.cpp">
      <Filter>Source Files</Filter>
    </ClCompile>
    <ClCompile Include="..\..\..\BoxLib\MultiFab.cpp">
      <Filter>Source Files</Filter>
    </ClCompile>
    <ClCompile Include="..\..\..\BoxLib\Orientation.cpp">
      <Filter>Source Files</Filter>
    </ClCompile>
    <ClCompile Include="..\..\..\BoxLib\ParallelDescriptor.cpp">
      <Filter>Source Files</Filter>
    </ClCompile>
    <ClCompile Include="..\..\..\BoxLib\ParmParse.cpp">
      <Filter>Source Files</Filter>
    </ClCompile>
    <ClCompile Include="..\..\..\BoxLib\UseCount.cpp">
      <Filter>Source Files</Filter>
    </ClCompile>
    <ClCompile Include="..\..\..\BoxLib\Utility.cpp">
      <Filter>Source Files</Filter>
    </ClCompile>
    <ClCompile Include="..\..\..\BoxLib\VisMF.cpp">
      <Filter>Source Files</Filter>
    </ClCompile>
  </ItemGroup>
  <ItemGroup>
    <None Include="..\..\..\BoxLib\Banner.html" />
  </ItemGroup>
</Project>